
Microsoft Visual Studio Solution File, Format Version 12.00
# Visual Studio Version 17
VisualStudioVersion = 17.7.34031.279
MinimumVisualStudioVersion = 10.0.40219.1
Project("{FAE04EC0-301F-11D3-BF4B-00C04F79EFBC}") = "ValueReferanceTypes", "ValueReferanceTypes\ValueReferanceTypes.csproj", "{BBA641FB-4F72-4574-A6A8-F9D69B241EE1}"
EndProject
Global
	GlobalSection(SolutionConfigurationPlatforms) = preSolution
		Debug|Any CPU = Debug|Any CPU
		Release|Any CPU = Release|Any CPU
	EndGlobalSection
	GlobalSection(ProjectConfigurationPlatforms) = postSolution
		{BBA641FB-4F72-4574-A6A8-F9D69B241EE1}.Debug|Any CPU.ActiveCfg = Debug|Any CPU
		{BBA641FB-4F72-4574-A6A8-F9D69B241EE1}.Debug|Any CPU.Build.0 = Debug|Any CPU
		{BBA641FB-4F72-4574-A6A8-F9D69B241EE1}.Release|Any CPU.ActiveCfg = Release|Any CPU
		{BBA641FB-4F72-4574-A6A8-F9D69B241EE1}.Release|Any CPU.Build.0 = Release|Any CPU
	EndGlobalSection
	GlobalSection(SolutionProperties) = preSolution
		HideSolutionNode = FALSE
	EndGlobalSection
	GlobalSection(ExtensibilityGlobals) = postSolution
		SolutionGuid = {01521014-497E-4437-9A17-84F23DE0AA8B}
	EndGlobalSection
EndGlobal
